// !$*UTF8*$!
{
	archiveVersion = 1;
	classes = {
	};
	objectVersion = 51;
	objects = {

/* Begin PBXBuildFile section */
		315D5B1EA029711FE758EC94 /* Pods_Cinemate.framework in Frameworks */ = {isa = PBXBuildFile; fileRef = E32FC443AB60F2F3E67F6DDB /* Pods_Cinemate.framework */; };
		56A412D343F11AD45CDD9CC9 /* Pods_CinemateTests.framework in Frameworks */ = {isa = PBXBuildFile; fileRef = 6D6B6FB5E0C277E7B4B4B555 /* Pods_CinemateTests.framework */; };
		67F5AE12CE6D8179FC46C6E1 /* Pods_Cinemate_CinemateUITests.framework in Frameworks */ = {isa = PBXBuildFile; fileRef = 015E9643295B117F67FB1C2E /* Pods_Cinemate_CinemateUITests.framework */; };
		734E75F5244AD956007EBFEB /* myRoundButton.swift in Sources */ = {isa = PBXBuildFile; fileRef = 734E75F4244AD956007EBFEB /* myRoundButton.swift */; };
		734E75F6244AD956007EBFEB /* myRoundButton.swift in Sources */ = {isa = PBXBuildFile; fileRef = 734E75F4244AD956007EBFEB /* myRoundButton.swift */; };
		734E75F7244AD956007EBFEB /* myRoundButton.swift in Sources */ = {isa = PBXBuildFile; fileRef = 734E75F4244AD956007EBFEB /* myRoundButton.swift */; };
		73992AEA23E2DC93001C6D83 /* AppDelegate.swift in Sources */ = {isa = PBXBuildFile; fileRef = 73992AE923E2DC93001C6D83 /* AppDelegate.swift */; };
		73992AEC23E2DC93001C6D83 /* SceneDelegate.swift in Sources */ = {isa = PBXBuildFile; fileRef = 73992AEB23E2DC93001C6D83 /* SceneDelegate.swift */; };
		73992AF123E2DC93001C6D83 /* Main.storyboard in Resources */ = {isa = PBXBuildFile; fileRef = 73992AEF23E2DC93001C6D83 /* Main.storyboard */; };
		73992AF423E2DC93001C6D83 /* Cinemate.xcdatamodeld in Sources */ = {isa = PBXBuildFile; fileRef = 73992AF223E2DC93001C6D83 /* Cinemate.xcdatamodeld */; };
		73992AF623E2DC96001C6D83 /* Assets.xcassets in Resources */ = {isa = PBXBuildFile; fileRef = 73992AF523E2DC96001C6D83 /* Assets.xcassets */; };
		73992AF923E2DC96001C6D83 /* LaunchScreen.storyboard in Resources */ = {isa = PBXBuildFile; fileRef = 73992AF723E2DC96001C6D83 /* LaunchScreen.storyboard */; };
		73992B0423E2DC97001C6D83 /* CinemateTests.swift in Sources */ = {isa = PBXBuildFile; fileRef = 73992B0323E2DC97001C6D83 /* CinemateTests.swift */; };
		73992B0F23E2DC97001C6D83 /* CinemateUITests.swift in Sources */ = {isa = PBXBuildFile; fileRef = 73992B0E23E2DC97001C6D83 /* CinemateUITests.swift */; };
		73992B1D23E2DD59001C6D83 /* LoginViewController.swift in Sources */ = {isa = PBXBuildFile; fileRef = 73992B1C23E2DD59001C6D83 /* LoginViewController.swift */; };
		73992B1F23E2E45C001C6D83 /* PersistanceService.swift in Sources */ = {isa = PBXBuildFile; fileRef = 73992B1E23E2E45C001C6D83 /* PersistanceService.swift */; };
		73992B2123E2E576001C6D83 /* SignUpViewController.swift in Sources */ = {isa = PBXBuildFile; fileRef = 73992B2023E2E576001C6D83 /* SignUpViewController.swift */; };
		73992B2323E2E5A3001C6D83 /* HomeViewController.swift in Sources */ = {isa = PBXBuildFile; fileRef = 73992B2223E2E5A3001C6D83 /* HomeViewController.swift */; };
		73992B2523E2E5B6001C6D83 /* SearchViewController.swift in Sources */ = {isa = PBXBuildFile; fileRef = 73992B2423E2E5B6001C6D83 /* SearchViewController.swift */; };
		73992B2723E2E5CF001C6D83 /* SearchResultViewController.swift in Sources */ = {isa = PBXBuildFile; fileRef = 73992B2623E2E5CF001C6D83 /* SearchResultViewController.swift */; };
		73992B2B23E2F9B7001C6D83 /* GoogleService-Info.plist in Resources */ = {isa = PBXBuildFile; fileRef = 73992B2A23E2F9B7001C6D83 /* GoogleService-Info.plist */; };
		73AD414023EFFC020042E505 /* MapViewController.swift in Sources */ = {isa = PBXBuildFile; fileRef = 73AD413F23EFFC010042E505 /* MapViewController.swift */; };
		73AD414323F158BE0042E505 /* SavedMovie+CoreDataClass.swift in Sources */ = {isa = PBXBuildFile; fileRef = 73AD414123F158BE0042E505 /* SavedMovie+CoreDataClass.swift */; };
		73AD414423F158BE0042E505 /* SavedMovie+CoreDataProperties.swift in Sources */ = {isa = PBXBuildFile; fileRef = 73AD414223F158BE0042E505 /* SavedMovie+CoreDataProperties.swift */; };
		73AD414A23F29EDF0042E505 /* MyMovieDetailViewController.swift in Sources */ = {isa = PBXBuildFile; fileRef = 73AD414923F29EDF0042E505 /* MyMovieDetailViewController.swift */; };
		73C8AFBC23E31CC600DBA97A /* AlartController.swift in Sources */ = {isa = PBXBuildFile; fileRef = 73C8AFBB23E31CC600DBA97A /* AlartController.swift */; };
		73C8AFC823E3362900DBA97A /* User+CoreDataClass.swift in Sources */ = {isa = PBXBuildFile; fileRef = 73C8AFC623E3362900DBA97A /* User+CoreDataClass.swift */; };
		73C8AFC923E3362900DBA97A /* User+CoreDataProperties.swift in Sources */ = {isa = PBXBuildFile; fileRef = 73C8AFC723E3362900DBA97A /* User+CoreDataProperties.swift */; };
		73C8AFCC23E44AEA00DBA97A /* AlmamofireModels.swift in Sources */ = {isa = PBXBuildFile; fileRef = 73C8AFCB23E44AEA00DBA97A /* AlmamofireModels.swift */; };
/* End PBXBuildFile section */

/* Begin PBXContainerItemProxy section */
		73992B0023E2DC97001C6D83 /* PBXContainerItemProxy */ = {
			isa = PBXContainerItemProxy;
			containerPortal = 73992ADE23E2DC93001C6D83 /* Project object */;
			proxyType = 1;
			remoteGlobalIDString = 73992AE523E2DC93001C6D83;
			remoteInfo = Cinemate;
		};
		73992B0B23E2DC97001C6D83 /* PBXContainerItemProxy */ = {
			isa = PBXContainerItemProxy;
			containerPortal = 73992ADE23E2DC93001C6D83 /* Project object */;
			proxyType = 1;
			remoteGlobalIDString = 73992AE523E2DC93001C6D83;
			remoteInfo = Cinemate;
		};
/* End PBXContainerItemProxy section */

/* Begin PBXFileReference section */
		015E9643295B117F67FB1C2E /* Pods_Cinemate_CinemateUITests.framework */ = {isa = PBXFileReference; explicitFileType = wrapper.framework; includeInIndex = 0; path = Pods_Cinemate_CinemateUITests.framework; sourceTree = BUILT_PRODUCTS_DIR; };
		1FD740C4EF982C526ED06BA9 /* Pods-CinemateTests.debug.xcconfig */ = {isa = PBXFileReference; includeInIndex = 1; lastKnownFileType = text.xcconfig; name = "Pods-CinemateTests.debug.xcconfig"; path = "Target Support Files/Pods-CinemateTests/Pods-CinemateTests.debug.xcconfig"; sourceTree = "<group>"; };
		64028FB7736A14633C359EA7 /* Pods-Cinemate-CinemateUITests.release.xcconfig */ = {isa = PBXFileReference; includeInIndex = 1; lastKnownFileType = text.xcconfig; name = "Pods-Cinemate-CinemateUITests.release.xcconfig"; path = "Target Support Files/Pods-Cinemate-CinemateUITests/Pods-Cinemate-CinemateUITests.release.xcconfig"; sourceTree = "<group>"; };
		6D6B6FB5E0C277E7B4B4B555 /* Pods_CinemateTests.framework */ = {isa = PBXFileReference; explicitFileType = wrapper.framework; includeInIndex = 0; path = Pods_CinemateTests.framework; sourceTree = BUILT_PRODUCTS_DIR; };
		734E75F4244AD956007EBFEB /* myRoundButton.swift */ = {isa = PBXFileReference; lastKnownFileType = sourcecode.swift; path = myRoundButton.swift; sourceTree = "<group>"; };
		73992AE623E2DC93001C6D83 /* Cinemate.app */ = {isa = PBXFileReference; explicitFileType = wrapper.application; includeInIndex = 0; path = Cinemate.app; sourceTree = BUILT_PRODUCTS_DIR; };
		73992AE923E2DC93001C6D83 /* AppDelegate.swift */ = {isa = PBXFileReference; lastKnownFileType = sourcecode.swift; path = AppDelegate.swift; sourceTree = "<group>"; };
		73992AEB23E2DC93001C6D83 /* SceneDelegate.swift */ = {isa = PBXFileReference; lastKnownFileType = sourcecode.swift; path = SceneDelegate.swift; sourceTree = "<group>"; };
		73992AF023E2DC93001C6D83 /* Base */ = {isa = PBXFileReference; lastKnownFileType = file.storyboard; name = Base; path = Base.lproj/Main.storyboard; sourceTree = "<group>"; };
		73992AF323E2DC93001C6D83 /* Cinemate.xcdatamodel */ = {isa = PBXFileReference; lastKnownFileType = wrapper.xcdatamodel; path = Cinemate.xcdatamodel; sourceTree = "<group>"; };
		73992AF523E2DC96001C6D83 /* Assets.xcassets */ = {isa = PBXFileReference; lastKnownFileType = folder.assetcatalog; path = Assets.xcassets; sourceTree = "<group>"; };
		73992AF823E2DC96001C6D83 /* Base */ = {isa = PBXFileReference; lastKnownFileType = file.storyboard; name = Base; path = Base.lproj/LaunchScreen.storyboard; sourceTree = "<group>"; };
		73992AFA23E2DC96001C6D83 /* Info.plist */ = {isa = PBXFileReference; lastKnownFileType = text.plist.xml; path = Info.plist; sourceTree = "<group>"; };
		73992AFF23E2DC97001C6D83 /* CinemateTests.xctest */ = {isa = PBXFileReference; explicitFileType = wrapper.cfbundle; includeInIndex = 0; path = CinemateTests.xctest; sourceTree = BUILT_PRODUCTS_DIR; };
		73992B0323E2DC97001C6D83 /* CinemateTests.swift */ = {isa = PBXFileReference; lastKnownFileType = sourcecode.swift; path = CinemateTests.swift; sourceTree = "<group>"; };
		73992B0523E2DC97001C6D83 /* Info.plist */ = {isa = PBXFileReference; lastKnownFileType = text.plist.xml; path = Info.plist; sourceTree = "<group>"; };
		73992B0A23E2DC97001C6D83 /* CinemateUITests.xctest */ = {isa = PBXFileReference; explicitFileType = wrapper.cfbundle; includeInIndex = 0; path = CinemateUITests.xctest; sourceTree = BUILT_PRODUCTS_DIR; };
		73992B0E23E2DC97001C6D83 /* CinemateUITests.swift */ = {isa = PBXFileReference; lastKnownFileType = sourcecode.swift; path = CinemateUITests.swift; sourceTree = "<group>"; };
		73992B1023E2DC97001C6D83 /* Info.plist */ = {isa = PBXFileReference; lastKnownFileType = text.plist.xml; path = Info.plist; sourceTree = "<group>"; };
		73992B1C23E2DD59001C6D83 /* LoginViewController.swift */ = {isa = PBXFileReference; lastKnownFileType = sourcecode.swift; path = LoginViewController.swift; sourceTree = "<group>"; };
		73992B1E23E2E45C001C6D83 /* PersistanceService.swift */ = {isa = PBXFileReference; lastKnownFileType = sourcecode.swift; path = PersistanceService.swift; sourceTree = "<group>"; };
		73992B2023E2E576001C6D83 /* SignUpViewController.swift */ = {isa = PBXFileReference; lastKnownFileType = sourcecode.swift; path = SignUpViewController.swift; sourceTree = "<group>"; };
		73992B2223E2E5A3001C6D83 /* HomeViewController.swift */ = {isa = PBXFileReference; lastKnownFileType = sourcecode.swift; path = HomeViewController.swift; sourceTree = "<group>"; };
		73992B2423E2E5B6001C6D83 /* SearchViewController.swift */ = {isa = PBXFileReference; lastKnownFileType = sourcecode.swift; path = SearchViewController.swift; sourceTree = "<group>"; };
		73992B2623E2E5CF001C6D83 /* SearchResultViewController.swift */ = {isa = PBXFileReference; lastKnownFileType = sourcecode.swift; path = SearchResultViewController.swift; sourceTree = "<group>"; };
		73992B2A23E2F9B7001C6D83 /* GoogleService-Info.plist */ = {isa = PBXFileReference; fileEncoding = 4; lastKnownFileType = text.plist.xml; path = "GoogleService-Info.plist"; sourceTree = "<group>"; };
		73AD413F23EFFC010042E505 /* MapViewController.swift */ = {isa = PBXFileReference; lastKnownFileType = sourcecode.swift; path = MapViewController.swift; sourceTree = "<group>"; };
		73AD414123F158BE0042E505 /* SavedMovie+CoreDataClass.swift */ = {isa = PBXFileReference; lastKnownFileType = sourcecode.swift; path = "SavedMovie+CoreDataClass.swift"; sourceTree = SOURCE_ROOT; };
		73AD414223F158BE0042E505 /* SavedMovie+CoreDataProperties.swift */ = {isa = PBXFileReference; lastKnownFileType = sourcecode.swift; path = "SavedMovie+CoreDataProperties.swift"; sourceTree = SOURCE_ROOT; };
		73AD414923F29EDF0042E505 /* MyMovieDetailViewController.swift */ = {isa = PBXFileReference; lastKnownFileType = sourcecode.swift; path = MyMovieDetailViewController.swift; sourceTree = "<group>"; };
		73C8AFBB23E31CC600DBA97A /* AlartController.swift */ = {isa = PBXFileReference; lastKnownFileType = sourcecode.swift; path = AlartController.swift; sourceTree = "<group>"; };
		73C8AFC623E3362900DBA97A /* User+CoreDataClass.swift */ = {isa = PBXFileReference; lastKnownFileType = sourcecode.swift; path = "User+CoreDataClass.swift"; sourceTree = SOURCE_ROOT; };
		73C8AFC723E3362900DBA97A /* User+CoreDataProperties.swift */ = {isa = PBXFileReference; lastKnownFileType = sourcecode.swift; path = "User+CoreDataProperties.swift"; sourceTree = SOURCE_ROOT; };
		73C8AFCB23E44AEA00DBA97A /* AlmamofireModels.swift */ = {isa = PBXFileReference; lastKnownFileType = sourcecode.swift; path = AlmamofireModels.swift; sourceTree = "<group>"; };
		919AB5515B87066580FC4F80 /* Pods-CinemateTests.release.xcconfig */ = {isa = PBXFileReference; includeInIndex = 1; lastKnownFileType = text.xcconfig; name = "Pods-CinemateTests.release.xcconfig"; path = "Target Support Files/Pods-CinemateTests/Pods-CinemateTests.release.xcconfig"; sourceTree = "<group>"; };
		AC91F287A7D60F645B3FC885 /* Pods-Cinemate-CinemateUITests.debug.xcconfig */ = {isa = PBXFileReference; includeInIndex = 1; lastKnownFileType = text.xcconfig; name = "Pods-Cinemate-CinemateUITests.debug.xcconfig"; path = "Target Support Files/Pods-Cinemate-CinemateUITests/Pods-Cinemate-CinemateUITests.debug.xcconfig"; sourceTree = "<group>"; };
		DCDF92A7820C66112343E13E /* Pods-Cinemate.debug.xcconfig */ = {isa = PBXFileReference; includeInIndex = 1; lastKnownFileType = text.xcconfig; name = "Pods-Cinemate.debug.xcconfig"; path = "Target Support Files/Pods-Cinemate/Pods-Cinemate.debug.xcconfig"; sourceTree = "<group>"; };
		E32FC443AB60F2F3E67F6DDB /* Pods_Cinemate.framework */ = {isa = PBXFileReference; explicitFileType = wrapper.framework; includeInIndex = 0; path = Pods_Cinemate.framework; sourceTree = BUILT_PRODUCTS_DIR; };
		ED9C8AF4D63D86F1985754CC /* Pods-Cinemate.release.xcconfig */ = {isa = PBXFileReference; includeInIndex = 1; lastKnownFileType = text.xcconfig; name = "Pods-Cinemate.release.xcconfig"; path = "Target Support Files/Pods-Cinemate/Pods-Cinemate.release.xcconfig"; sourceTree = "<group>"; };
/* End PBXFileReference section */

/* Begin PBXFrameworksBuildPhase section */
		73992AE323E2DC93001C6D83 /* Frameworks */ = {
			isa = PBXFrameworksBuildPhase;
			buildActionMask = 2147483647;
			files = (
				315D5B1EA029711FE758EC94 /* Pods_Cinemate.framework in Frameworks */,
			);
			runOnlyForDeploymentPostprocessing = 0;
		};
		73992AFC23E2DC97001C6D83 /* Frameworks */ = {
			isa = PBXFrameworksBuildPhase;
			buildActionMask = 2147483647;
			files = (
				56A412D343F11AD45CDD9CC9 /* Pods_CinemateTests.framework in Frameworks */,
			);
			runOnlyForDeploymentPostprocessing = 0;
		};
		73992B0723E2DC97001C6D83 /* Frameworks */ = {
			isa = PBXFrameworksBuildPhase;
			buildActionMask = 2147483647;
			files = (
				67F5AE12CE6D8179FC46C6E1 /* Pods_Cinemate_CinemateUITests.framework in Frameworks */,
			);
			runOnlyForDeploymentPostprocessing = 0;
		};
/* End PBXFrameworksBuildPhase section */

/* Begin PBXGroup section */
		153F01828296B3E227A0B9C9 /* Pods */ = {
			isa = PBXGroup;
			children = (
				DCDF92A7820C66112343E13E /* Pods-Cinemate.debug.xcconfig */,
				ED9C8AF4D63D86F1985754CC /* Pods-Cinemate.release.xcconfig */,
				AC91F287A7D60F645B3FC885 /* Pods-Cinemate-CinemateUITests.debug.xcconfig */,
				64028FB7736A14633C359EA7 /* Pods-Cinemate-CinemateUITests.release.xcconfig */,
				1FD740C4EF982C526ED06BA9 /* Pods-CinemateTests.debug.xcconfig */,
				919AB5515B87066580FC4F80 /* Pods-CinemateTests.release.xcconfig */,
			);
			path = Pods;
			sourceTree = "<group>";
		};
		734E75EF244AD88B007EBFEB /* ui class */ = {
			isa = PBXGroup;
			children = (
				734E75F4244AD956007EBFEB /* myRoundButton.swift */,
			);
			name = "ui class";
			sourceTree = "<group>";
		};
		73992ADD23E2DC93001C6D83 = {
			isa = PBXGroup;
			children = (
				73992AE823E2DC93001C6D83 /* Cinemate */,
				73992B0223E2DC97001C6D83 /* CinemateTests */,
				73992B0D23E2DC97001C6D83 /* CinemateUITests */,
				73992AE723E2DC93001C6D83 /* Products */,
				153F01828296B3E227A0B9C9 /* Pods */,
				C363916CBC0424DB9E6E64F2 /* Frameworks */,
			);
			sourceTree = "<group>";
		};
		73992AE723E2DC93001C6D83 /* Products */ = {
			isa = PBXGroup;
			children = (
				73992AE623E2DC93001C6D83 /* Cinemate.app */,
				73992AFF23E2DC97001C6D83 /* CinemateTests.xctest */,
				73992B0A23E2DC97001C6D83 /* CinemateUITests.xctest */,
			);
			name = Products;
			sourceTree = "<group>";
		};
		73992AE823E2DC93001C6D83 /* Cinemate */ = {
			isa = PBXGroup;
			children = (
				734E75EF244AD88B007EBFEB /* ui class */,
				73C8AFCA23E44A9000DBA97A /* Models */,
				73992B2A23E2F9B7001C6D83 /* GoogleService-Info.plist */,
				73992B2823E2E5E5001C6D83 /* Viewcontrollers */,
				73992AE923E2DC93001C6D83 /* AppDelegate.swift */,
				73992AEB23E2DC93001C6D83 /* SceneDelegate.swift */,
				73992AEF23E2DC93001C6D83 /* Main.storyboard */,
				73992AF523E2DC96001C6D83 /* Assets.xcassets */,
				73992AF723E2DC96001C6D83 /* LaunchScreen.storyboard */,
				73992AFA23E2DC96001C6D83 /* Info.plist */,
				73992AF223E2DC93001C6D83 /* Cinemate.xcdatamodeld */,
				73992B2923E2E62C001C6D83 /* Static func */,
			);
			path = Cinemate;
			sourceTree = "<group>";
		};
		73992B0223E2DC97001C6D83 /* CinemateTests */ = {
			isa = PBXGroup;
			children = (
				73992B0323E2DC97001C6D83 /* CinemateTests.swift */,
				73992B0523E2DC97001C6D83 /* Info.plist */,
			);
			path = CinemateTests;
			sourceTree = "<group>";
		};
		73992B0D23E2DC97001C6D83 /* CinemateUITests */ = {
			isa = PBXGroup;
			children = (
				73992B0E23E2DC97001C6D83 /* CinemateUITests.swift */,
				73992B1023E2DC97001C6D83 /* Info.plist */,
			);
			path = CinemateUITests;
			sourceTree = "<group>";
		};
		73992B2823E2E5E5001C6D83 /* Viewcontrollers */ = {
			isa = PBXGroup;
			children = (
				73992B2223E2E5A3001C6D83 /* HomeViewController.swift */,
				73992B2023E2E576001C6D83 /* SignUpViewController.swift */,
				73992B1C23E2DD59001C6D83 /* LoginViewController.swift */,
				73992B2423E2E5B6001C6D83 /* SearchViewController.swift */,
				73992B2623E2E5CF001C6D83 /* SearchResultViewController.swift */,
				73AD413F23EFFC010042E505 /* MapViewController.swift */,
				73AD414923F29EDF0042E505 /* MyMovieDetailViewController.swift */,
			);
			name = Viewcontrollers;
			sourceTree = "<group>";
		};
		73992B2923E2E62C001C6D83 /* Static func */ = {
			isa = PBXGroup;
			children = (
				73AD414123F158BE0042E505 /* SavedMovie+CoreDataClass.swift */,
				73AD414223F158BE0042E505 /* SavedMovie+CoreDataProperties.swift */,
				73C8AFC623E3362900DBA97A /* User+CoreDataClass.swift */,
				73C8AFC723E3362900DBA97A /* User+CoreDataProperties.swift */,
				73992B1E23E2E45C001C6D83 /* PersistanceService.swift */,
				73C8AFBB23E31CC600DBA97A /* AlartController.swift */,
			);
			name = "Static func";
			sourceTree = "<group>";
		};
		73C8AFCA23E44A9000DBA97A /* Models */ = {
			isa = PBXGroup;
			children = (
				73C8AFCB23E44AEA00DBA97A /* AlmamofireModels.swift */,
			);
			name = Models;
			sourceTree = "<group>";
		};
		C363916CBC0424DB9E6E64F2 /* Frameworks */ = {
			isa = PBXGroup;
			children = (
				E32FC443AB60F2F3E67F6DDB /* Pods_Cinemate.framework */,
				015E9643295B117F67FB1C2E /* Pods_Cinemate_CinemateUITests.framework */,
				6D6B6FB5E0C277E7B4B4B555 /* Pods_CinemateTests.framework */,
			);
			name = Frameworks;
			sourceTree = "<group>";
		};
/* End PBXGroup section */

/* Begin PBXNativeTarget section */
		73992AE523E2DC93001C6D83 /* Cinemate */ = {
			isa = PBXNativeTarget;
			buildConfigurationList = 73992B1323E2DC97001C6D83 /* Build configuration list for PBXNativeTarget "Cinemate" */;
			buildPhases = (
				7952D4B24A32D2CE559AB03C /* [CP] Check Pods Manifest.lock */,
				73992AE223E2DC93001C6D83 /* Sources */,
				73992AE323E2DC93001C6D83 /* Frameworks */,
				73992AE423E2DC93001C6D83 /* Resources */,
				99A03CFA7B2397A45CF76BB7 /* [CP] Embed Pods Frameworks */,
			);
			buildRules = (
			);
			dependencies = (
			);
			name = Cinemate;
			productName = Cinemate;
			productReference = 73992AE623E2DC93001C6D83 /* Cinemate.app */;
			productType = "com.apple.product-type.application";
		};
		73992AFE23E2DC97001C6D83 /* CinemateTests */ = {
			isa = PBXNativeTarget;
			buildConfigurationList = 73992B1623E2DC97001C6D83 /* Build configuration list for PBXNativeTarget "CinemateTests" */;
			buildPhases = (
				CA60AF746A320100A2674560 /* [CP] Check Pods Manifest.lock */,
				73992AFB23E2DC97001C6D83 /* Sources */,
				73992AFC23E2DC97001C6D83 /* Frameworks */,
				73992AFD23E2DC97001C6D83 /* Resources */,
			);
			buildRules = (
			);
			dependencies = (
				73992B0123E2DC97001C6D83 /* PBXTargetDependency */,
			);
			name = CinemateTests;
			productName = CinemateTests;
			productReference = 73992AFF23E2DC97001C6D83 /* CinemateTests.xctest */;
			productType = "com.apple.product-type.bundle.unit-test";
		};
		73992B0923E2DC97001C6D83 /* CinemateUITests */ = {
			isa = PBXNativeTarget;
			buildConfigurationList = 73992B1923E2DC97001C6D83 /* Build configuration list for PBXNativeTarget "CinemateUITests" */;
			buildPhases = (
				112826D037910C71B064AAF3 /* [CP] Check Pods Manifest.lock */,
				73992B0623E2DC97001C6D83 /* Sources */,
				73992B0723E2DC97001C6D83 /* Frameworks */,
				73992B0823E2DC97001C6D83 /* Resources */,
				F755BAF7643C0C9477F63A7B /* [CP] Embed Pods Frameworks */,
			);
			buildRules = (
			);
			dependencies = (
				73992B0C23E2DC97001C6D83 /* PBXTargetDependency */,
			);
			name = CinemateUITests;
			productName = CinemateUITests;
			productReference = 73992B0A23E2DC97001C6D83 /* CinemateUITests.xctest */;
			productType = "com.apple.product-type.bundle.ui-testing";
		};
/* End PBXNativeTarget section */

/* Begin PBXProject section */
		73992ADE23E2DC93001C6D83 /* Project object */ = {
			isa = PBXProject;
			attributes = {
				LastSwiftUpdateCheck = 1130;
				LastUpgradeCheck = 1130;
				ORGANIZATIONNAME = "Md. Mehedi Hasan";
				TargetAttributes = {
					73992AE523E2DC93001C6D83 = {
						CreatedOnToolsVersion = 11.3.1;
					};
					73992AFE23E2DC97001C6D83 = {
						CreatedOnToolsVersion = 11.3.1;
						TestTargetID = 73992AE523E2DC93001C6D83;
					};
					73992B0923E2DC97001C6D83 = {
						CreatedOnToolsVersion = 11.3.1;
						TestTargetID = 73992AE523E2DC93001C6D83;
					};
				};
			};
			buildConfigurationList = 73992AE123E2DC93001C6D83 /* Build configuration list for PBXProject "Cinemate" */;
			compatibilityVersion = "Xcode 9.3";
			developmentRegion = en;
			hasScannedForEncodings = 0;
			knownRegions = (
				en,
				Base,
			);
			mainGroup = 73992ADD23E2DC93001C6D83;
			productRefGroup = 73992AE723E2DC93001C6D83 /* Products */;
			projectDirPath = "";
			projectRoot = "";
			targets = (
				73992AE523E2DC93001C6D83 /* Cinemate */,
				73992AFE23E2DC97001C6D83 /* CinemateTests */,
				73992B0923E2DC97001C6D83 /* CinemateUITests */,
			);
		};
/* End PBXProject section */

/* Begin PBXResourcesBuildPhase section */
		73992AE423E2DC93001C6D83 /* Resources */ = {
			isa = PBXResourcesBuildPhase;
			buildActionMask = 2147483647;
			files = (
				73992AF923E2DC96001C6D83 /* LaunchScreen.storyboard in Resources */,
				73992B2B23E2F9B7001C6D83 /* GoogleService-Info.plist in Resources */,
				73992AF623E2DC96001C6D83 /* Assets.xcassets in Resources */,
				73992AF123E2DC93001C6D83 /* Main.storyboard in Resources */,
			);
			runOnlyForDeploymentPostprocessing = 0;
		};
		73992AFD23E2DC97001C6D83 /* Resources */ = {
			isa = PBXResourcesBuildPhase;
			buildActionMask = 2147483647;
			files = (
			);
			runOnlyForDeploymentPostprocessing = 0;
		};
		73992B0823E2DC97001C6D83 /* Resources */ = {
			isa = PBXResourcesBuildPhase;
			buildActionMask = 2147483647;
			files = (
			);
			runOnlyForDeploymentPostprocessing = 0;
		};
/* End PBXResourcesBuildPhase section */

/* Begin PBXShellScriptBuildPhase section */
		112826D037910C71B064AAF3 /* [CP] Check Pods Manifest.lock */ = {
			isa = PBXShellScriptBuildPhase;
			buildActionMask = 2147483647;
			files = (
			);
			inputFileListPaths = (
			);
			inputPaths = (
				"${PODS_PODFILE_DIR_PATH}/Podfile.lock",
				"${PODS_ROOT}/Manifest.lock",
			);
			name = "[CP] Check Pods Manifest.lock";
			outputFileListPaths = (
			);
			outputPaths = (
				"$(DERIVED_FILE_DIR)/Pods-Cinemate-CinemateUITests-checkManifestLockResult.txt",
			);
			runOnlyForDeploymentPostprocessing = 0;
			shellPath = /bin/sh;
			shellScript = "diff \"${PODS_PODFILE_DIR_PATH}/Podfile.lock\" \"${PODS_ROOT}/Manifest.lock\" > /dev/null\nif [ $? != 0 ] ; then\n    # print error to STDERR\n    echo \"error: The sandbox is not in sync with the Podfile.lock. Run 'pod install' or update your CocoaPods installation.\" >&2\n    exit 1\nfi\n# This output is used by Xcode 'outputs' to avoid re-running this script phase.\necho \"SUCCESS\" > \"${SCRIPT_OUTPUT_FILE_0}\"\n";
			showEnvVarsInLog = 0;
		};
		7952D4B24A32D2CE559AB03C /* [CP] Check Pods Manifest.lock */ = {
			isa = PBXShellScriptBuildPhase;
			buildActionMask = 2147483647;
			files = (
			);
			inputFileListPaths = (
			);
			inputPaths = (
				"${PODS_PODFILE_DIR_PATH}/Podfile.lock",
				"${PODS_ROOT}/Manifest.lock",
			);
			name = "[CP] Check Pods Manifest.lock";
			outputFileListPaths = (
			);
			outputPaths = (
				"$(DERIVED_FILE_DIR)/Pods-Cinemate-checkManifestLockResult.txt",
			);
			runOnlyForDeploymentPostprocessing = 0;
			shellPath = /bin/sh;
			shellScript = "diff \"${PODS_PODFILE_DIR_PATH}/Podfile.lock\" \"${PODS_ROOT}/Manifest.lock\" > /dev/null\nif [ $? != 0 ] ; then\n    # print error to STDERR\n    echo \"error: The sandbox is not in sync with the Podfile.lock. Run 'pod install' or update your CocoaPods installation.\" >&2\n    exit 1\nfi\n# This output is used by Xcode 'outputs' to avoid re-running this script phase.\necho \"SUCCESS\" > \"${SCRIPT_OUTPUT_FILE_0}\"\n";
			showEnvVarsInLog = 0;
		};
		99A03CFA7B2397A45CF76BB7 /* [CP] Embed Pods Frameworks */ = {
			isa = PBXShellScriptBuildPhase;
			buildActionMask = 2147483647;
			files = (
			);
			inputFileListPaths = (
				"${PODS_ROOT}/Target Support Files/Pods-Cinemate/Pods-Cinemate-frameworks-${CONFIGURATION}-input-files.xcfilelist",
			);
			name = "[CP] Embed Pods Frameworks";
			outputFileListPaths = (
				"${PODS_ROOT}/Target Support Files/Pods-Cinemate/Pods-Cinemate-frameworks-${CONFIGURATION}-output-files.xcfilelist",
			);
			runOnlyForDeploymentPostprocessing = 0;
			shellPath = /bin/sh;
			shellScript = "\"${PODS_ROOT}/Target Support Files/Pods-Cinemate/Pods-Cinemate-frameworks.sh\"\n";
			showEnvVarsInLog = 0;
		};
		CA60AF746A320100A2674560 /* [CP] Check Pods Manifest.lock */ = {
			isa = PBXShellScriptBuildPhase;
			buildActionMask = 2147483647;
			files = (
			);
			inputFileListPaths = (
			);
			inputPaths = (
				"${PODS_PODFILE_DIR_PATH}/Podfile.lock",
				"${PODS_ROOT}/Manifest.lock",
			);
			name = "[CP] Check Pods Manifest.lock";
			outputFileListPaths = (
			);
			outputPaths = (
				"$(DERIVED_FILE_DIR)/Pods-CinemateTests-checkManifestLockResult.txt",
			);
			runOnlyForDeploymentPostprocessing = 0;
			shellPath = /bin/sh;
			shellScript = "diff \"${PODS_PODFILE_DIR_PATH}/Podfile.lock\" \"${PODS_ROOT}/Manifest.lock\" > /dev/null\nif [ $? != 0 ] ; then\n    # print error to STDERR\n    echo \"error: The sandbox is not in sync with the Podfile.lock. Run 'pod install' or update your CocoaPods installation.\" >&2\n    exit 1\nfi\n# This output is used by Xcode 'outputs' to avoid re-running this script phase.\necho \"SUCCESS\" > \"${SCRIPT_OUTPUT_FILE_0}\"\n";
			showEnvVarsInLog = 0;
		};
		F755BAF7643C0C9477F63A7B /* [CP] Embed Pods Frameworks */ = {
			isa = PBXShellScriptBuildPhase;
			buildActionMask = 2147483647;
			files = (
			);
			inputFileListPaths = (
				"${PODS_ROOT}/Target Support Files/Pods-Cinemate-CinemateUITests/Pods-Cinemate-CinemateUITests-frameworks-${CONFIGURATION}-input-files.xcfilelist",
			);
			name = "[CP] Embed Pods Frameworks";
			outputFileListPaths = (
				"${PODS_ROOT}/Target Support Files/Pods-Cinemate-CinemateUITests/Pods-Cinemate-CinemateUITests-frameworks-${CONFIGURATION}-output-files.xcfilelist",
			);
			runOnlyForDeploymentPostprocessing = 0;
			shellPath = /bin/sh;
			shellScript = "\"${PODS_ROOT}/Target Support Files/Pods-Cinemate-CinemateUITests/Pods-Cinemate-CinemateUITests-frameworks.sh\"\n";
			showEnvVarsInLog = 0;
		};
/* End PBXShellScriptBuildPhase section */

/* Begin PBXSourcesBuildPhase section */
		73992AE223E2DC93001C6D83 /* Sources */ = {
			isa = PBXSourcesBuildPhase;
			buildActionMask = 2147483647;
			files = (
				73C8AFBC23E31CC600DBA97A /* AlartController.swift in Sources */,
				73992B2123E2E576001C6D83 /* SignUpViewController.swift in Sources */,
				734E75F5244AD956007EBFEB /* myRoundButton.swift in Sources */,
				73C8AFC923E3362900DBA97A /* User+CoreDataProperties.swift in Sources */,
				73C8AFCC23E44AEA00DBA97A /* AlmamofireModels.swift in Sources */,
				73992B2723E2E5CF001C6D83 /* SearchResultViewController.swift in Sources */,
				73AD414323F158BE0042E505 /* SavedMovie+CoreDataClass.swift in Sources */,
				73AD414A23F29EDF0042E505 /* MyMovieDetailViewController.swift in Sources */,
				73992B1D23E2DD59001C6D83 /* LoginViewController.swift in Sources */,
				73992B2523E2E5B6001C6D83 /* SearchViewController.swift in Sources */,
				73992AEA23E2DC93001C6D83 /* AppDelegate.swift in Sources */,
				73992AEC23E2DC93001C6D83 /* SceneDelegate.swift in Sources */,
				73992AF423E2DC93001C6D83 /* Cinemate.xcdatamodeld in Sources */,
				73C8AFC823E3362900DBA97A /* User+CoreDataClass.swift in Sources */,
				73AD414423F158BE0042E505 /* SavedMovie+CoreDataProperties.swift in Sources */,
				73992B2323E2E5A3001C6D83 /* HomeViewController.swift in Sources */,
				73992B1F23E2E45C001C6D83 /* PersistanceService.swift in Sources */,
				73AD414023EFFC020042E505 /* MapViewController.swift in Sources */,
			);
			runOnlyForDeploymentPostprocessing = 0;
		};
		73992AFB23E2DC97001C6D83 /* Sources */ = {
			isa = PBXSourcesBuildPhase;
			buildActionMask = 2147483647;
			files = (
				734E75F6244AD956007EBFEB /* myRoundButton.swift in Sources */,
				73992B0423E2DC97001C6D83 /* CinemateTests.swift in Sources */,
			);
			runOnlyForDeploymentPostprocessing = 0;
		};
		73992B0623E2DC97001C6D83 /* Sources */ = {
			isa = PBXSourcesBuildPhase;
			buildActionMask = 2147483647;
			files = (
				734E75F7244AD956007EBFEB /* myRoundButton.swift in Sources */,
				73992B0F23E2DC97001C6D83 /* CinemateUITests.swift in Sources */,
			);
			runOnlyForDeploymentPostprocessing = 0;
		};
/* End PBXSourcesBuildPhase section */

/* Begin PBXTargetDependency section */
		73992B0123E2DC97001C6D83 /* PBXTargetDependency */ = {
			isa = PBXTargetDependency;
			target = 73992AE523E2DC93001C6D83 /* Cinemate */;
			targetProxy = 73992B0023E2DC97001C6D83 /* PBXContainerItemProxy */;
		};
		73992B0C23E2DC97001C6D83 /* PBXTargetDependency */ = {
			isa = PBXTargetDependency;
			target = 73992AE523E2DC93001C6D83 /* Cinemate */;
			targetProxy = 73992B0B23E2DC97001C6D83 /* PBXContainerItemProxy */;
		};
/* End PBXTargetDependency section */

/* Begin PBXVariantGroup section */
		73992AEF23E2DC93001C6D83 /* Main.storyboard */ = {
			isa = PBXVariantGroup;
			children = (
				73992AF023E2DC93001C6D83 /* Base */,
			);
			name = Main.storyboard;
			sourceTree = "<group>";
		};
		73992AF723E2DC96001C6D83 /* LaunchScreen.storyboard */ = {
			isa = PBXVariantGroup;
			children = (
				73992AF823E2DC96001C6D83 /* Base */,
			);
			name = LaunchScreen.storyboard;
			sourceTree = "<group>";
		};
/* End PBXVariantGroup section */

/* Begin XCBuildConfiguration section */
		73992B1123E2DC97001C6D83 /* Debug */ = {
			isa = XCBuildConfiguration;
			buildSettings = {
				ALWAYS_SEARCH_USER_PATHS = NO;
				CLANG_ANALYZER_NONNULL = YES;
				CLANG_ANALYZER_NUMBER_OBJECT_CONVERSION = YES_AGGRESSIVE;
				CLANG_CXX_LANGUAGE_STANDARD = "gnu++14";
				CLANG_CXX_LIBRARY = "libc++";
				CLANG_ENABLE_MODULES = YES;
				CLANG_ENABLE_OBJC_ARC = YES;
				CLANG_ENABLE_OBJC_WEAK = YES;
				CLANG_WARN_BLOCK_CAPTURE_AUTORELEASING = YES;
				CLANG_WARN_BOOL_CONVERSION = YES;
				CLANG_WARN_COMMA = YES;
				CLANG_WARN_CONSTANT_CONVERSION = YES;
				CLANG_WARN_DEPRECATED_OBJC_IMPLEMENTATIONS = YES;
				CLANG_WARN_DIRECT_OBJC_ISA_USAGE = YES_ERROR;
				CLANG_WARN_DOCUMENTATION_COMMENTS = YES;
				CLANG_WARN_EMPTY_BODY = YES;
				CLANG_WARN_ENUM_CONVERSION = YES;
				CLANG_WARN_INFINITE_RECURSION = YES;
				CLANG_WARN_INT_CONVERSION = YES;
				CLANG_WARN_NON_LITERAL_NULL_CONVERSION = YES;
				CLANG_WARN_OBJC_IMPLICIT_RETAIN_SELF = YES;
				CLANG_WARN_OBJC_LITERAL_CONVERSION = YES;
				CLANG_WARN_OBJC_ROOT_CLASS = YES_ERROR;
				CLANG_WARN_RANGE_LOOP_ANALYSIS = YES;
				CLANG_WARN_STRICT_PROTOTYPES = YES;
				CLANG_WARN_SUSPICIOUS_MOVE = YES;
				CLANG_WARN_UNGUARDED_AVAILABILITY = YES_AGGRESSIVE;
				CLANG_WARN_UNREACHABLE_CODE = YES;
				CLANG_WARN__DUPLICATE_METHOD_MATCH = YES;
				COPY_PHASE_STRIP = NO;
				DEBUG_INFORMATION_FORMAT = dwarf;
				ENABLE_STRICT_OBJC_MSGSEND = YES;
				ENABLE_TESTABILITY = YES;
				GCC_C_LANGUAGE_STANDARD = gnu11;
				GCC_DYNAMIC_NO_PIC = NO;
				GCC_NO_COMMON_BLOCKS = YES;
				GCC_OPTIMIZATION_LEVEL = 0;
				GCC_PREPROCESSOR_DEFINITIONS = (
					"DEBUG=1",
					"$(inherited)",
				);
				GCC_WARN_64_TO_32_BIT_CONVERSION = YES;
				GCC_WARN_ABOUT_RETURN_TYPE = YES_ERROR;
				GCC_WARN_UNDECLARED_SELECTOR = YES;
				GCC_WARN_UNINITIALIZED_AUTOS = YES_AGGRESSIVE;
				GCC_WARN_UNUSED_FUNCTION = YES;
				GCC_WARN_UNUSED_VARIABLE = YES;
				IPHONEOS_DEPLOYMENT_TARGET = 13.2;
				MTL_ENABLE_DEBUG_INFO = INCLUDE_SOURCE;
				MTL_FAST_MATH = YES;
				ONLY_ACTIVE_ARCH = YES;
				SDKROOT = iphoneos;
				SWIFT_ACTIVE_COMPILATION_CONDITIONS = DEBUG;
				SWIFT_OPTIMIZATION_LEVEL = "-Onone";
			};
			name = Debug;
		};
		73992B1223E2DC97001C6D83 /* Release */ = {
			isa = XCBuildConfiguration;
			buildSettings = {
				ALWAYS_SEARCH_USER_PATHS = NO;
				CLANG_ANALYZER_NONNULL = YES;
				CLANG_ANALYZER_NUMBER_OBJECT_CONVERSION = YES_AGGRESSIVE;
				CLANG_CXX_LANGUAGE_STANDARD = "gnu++14";
				CLANG_CXX_LIBRARY = "libc++";
				CLANG_ENABLE_MODULES = YES;
				CLANG_ENABLE_OBJC_ARC = YES;
				CLANG_ENABLE_OBJC_WEAK = YES;
				CLANG_WARN_BLOCK_CAPTURE_AUTORELEASING = YES;
				CLANG_WARN_BOOL_CONVERSION = YES;
				CLANG_WARN_COMMA = YES;
				CLANG_WARN_CONSTANT_CONVERSION = YES;
				CLANG_WARN_DEPRECATED_OBJC_IMPLEMENTATIONS = YES;
				CLANG_WARN_DIRECT_OBJC_ISA_USAGE = YES_ERROR;
				CLANG_WARN_DOCUMENTATION_COMMENTS = YES;
				CLANG_WARN_EMPTY_BODY = YES;
				CLANG_WARN_ENUM_CONVERSION = YES;
				CLANG_WARN_INFINITE_RECURSION = YES;
				CLANG_WARN_INT_CONVERSION = YES;
				CLANG_WARN_NON_LITERAL_NULL_CONVERSION = YES;
				CLANG_WARN_OBJC_IMPLICIT_RETAIN_SELF = YES;
				CLANG_WARN_OBJC_LITERAL_CONVERSION = YES;
				CLANG_WARN_OBJC_ROOT_CLASS = YES_ERROR;
				CLANG_WARN_RANGE_LOOP_ANALYSIS = YES;
				CLANG_WARN_STRICT_PROTOTYPES = YES;
				CLANG_WARN_SUSPICIOUS_MOVE = YES;
				CLANG_WARN_UNGUARDED_AVAILABILITY = YES_AGGRESSIVE;
				CLANG_WARN_UNREACHABLE_CODE = YES;
				CLANG_WARN__DUPLICATE_METHOD_MATCH = YES;
				COPY_PHASE_STRIP = NO;
				DEBUG_INFORMATION_FORMAT = "dwarf-with-dsym";
				ENABLE_NS_ASSERTIONS = NO;
				ENABLE_STRICT_OBJC_MSGSEND = YES;
				GCC_C_LANGUAGE_STANDARD = gnu11;
				GCC_NO_COMMON_BLOCKS = YES;
				GCC_WARN_64_TO_32_BIT_CONVERSION = YES;
				GCC_WARN_ABOUT_RETURN_TYPE = YES_ERROR;
				GCC_WARN_UNDECLARED_SELECTOR = YES;
				GCC_WARN_UNINITIALIZED_AUTOS = YES_AGGRESSIVE;
				GCC_WARN_UNUSED_FUNCTION = YES;
				GCC_WARN_UNUSED_VARIABLE = YES;
				IPHONEOS_DEPLOYMENT_TARGET = 13.2;
				MTL_ENABLE_DEBUG_INFO = NO;
				MTL_FAST_MATH = YES;
				SDKROOT = iphoneos;
				SWIFT_COMPILATION_MODE = wholemodule;
				SWIFT_OPTIMIZATION_LEVEL = "-O";
				VALIDATE_PRODUCT = YES;
			};
			name = Release;
		};
		73992B1423E2DC97001C6D83 /* Debug */ = {
			isa = XCBuildConfiguration;
			baseConfigurationReference = DCDF92A7820C66112343E13E /* Pods-Cinemate.debug.xcconfig */;
			buildSettings = {
				ASSETCATALOG_COMPILER_APPICON_NAME = AppIcon;
				CODE_SIGN_STYLE = Automatic;
				DEVELOPMENT_TEAM = NS9BQQQNV5;
				INFOPLIST_FILE = Cinemate/Info.plist;
				LD_RUNPATH_SEARCH_PATHS = (
					"$(inherited)",
					"@executable_path/Frameworks",
				);
				PRODUCT_BUNDLE_IDENTIFIER = com.mehed1hasan.Cinemate;
				PRODUCT_NAME = "$(TARGET_NAME)";
				SWIFT_VERSION = 5.0;
				TARGETED_DEVICE_FAMILY = "1,2";
			};
			name = Debug;
		};
		73992B1523E2DC97001C6D83 /* Release */ = {
			isa = XCBuildConfiguration;
			baseConfigurationReference = ED9C8AF4D63D86F1985754CC /* Pods-Cinemate.release.xcconfig */;
			buildSettings = {
				ASSETCATALOG_COMPILER_APPICON_NAME = AppIcon;
				CODE_SIGN_STYLE = Automatic;
				DEVELOPMENT_TEAM = NS9BQQQNV5;
				INFOPLIST_FILE = Cinemate/Info.plist;
				LD_RUNPATH_SEARCH_PATHS = (
					"$(inherited)",
					"@executable_path/Frameworks",
				);
				PRODUCT_BUNDLE_IDENTIFIER = com.mehed1hasan.Cinemate;
				PRODUCT_NAME = "$(TARGET_NAME)";
				SWIFT_VERSION = 5.0;
				TARGETED_DEVICE_FAMILY = "1,2";
			};
			name = Release;
		};
		73992B1723E2DC97001C6D83 /* Debug */ = {
			isa = XCBuildConfiguration;
			baseConfigurationReference = 1FD740C4EF982C526ED06BA9 /* Pods-CinemateTests.debug.xcconfig */;
			buildSettings = {
				ALWAYS_EMBED_SWIFT_STANDARD_LIBRARIES = YES;
				BUNDLE_LOADER = "$(TEST_HOST)";
				CODE_SIGN_STYLE = Automatic;
				DEVELOPMENT_TEAM = NS9BQQQNV5;
				INFOPLIST_FILE = CinemateTests/Info.plist;
				IPHONEOS_DEPLOYMENT_TARGET = 13.2;
				LD_RUNPATH_SEARCH_PATHS = (
					"$(inherited)",
					"@executable_path/Frameworks",
					"@loader_path/Frameworks",
				);
				PRODUCT_BUNDLE_IDENTIFIER = com.mehed1hasan.CinemateTests;
				PRODUCT_NAME = "$(TARGET_NAME)";
				SWIFT_VERSION = 5.0;
				TARGETED_DEVICE_FAMILY = "1,2";
				TEST_HOST = "$(BUILT_PRODUCTS_DIR)/Cinemate.app/Cinemate";
			};
			name = Debug;
		};
		73992B1823E2DC97001C6D83 /* Release */ = {
			isa = XCBuildConfiguration;
			baseConfigurationReference = 919AB5515B87066580FC4F80 /* Pods-CinemateTests.release.xcconfig */;
			buildSettings = {
				ALWAYS_EMBED_SWIFT_STANDARD_LIBRARIES = YES;
				BUNDLE_LOADER = "$(TEST_HOST)";
				CODE_SIGN_STYLE = Automatic;
				DEVELOPMENT_TEAM = NS9BQQQNV5;
				INFOPLIST_FILE = CinemateTests/Info.plist;
				IPHONEOS_DEPLOYMENT_TARGET = 13.2;
				LD_RUNPATH_SEARCH_PATHS = (
					"$(inherited)",
					"@executable_path/Frameworks",
					"@loader_path/Frameworks",
				);
				PRODUCT_BUNDLE_IDENTIFIER = com.mehed1hasan.CinemateTests;
				PRODUCT_NAME = "$(TARGET_NAME)";
				SWIFT_VERSION = 5.0;
				TARGETED_DEVICE_FAMILY = "1,2";
				TEST_HOST = "$(BUILT_PRODUCTS_DIR)/Cinemate.app/Cinemate";
			};
			name = Release;
		};
		73992B1A23E2DC97001C6D83 /* Debug */ = {
			isa = XCBuildConfiguration;
			baseConfigurationReference = AC91F287A7D60F645B3FC885 /* Pods-Cinemate-CinemateUITests.debug.xcconfig */;
			buildSettings = {
				ALWAYS_EMBED_SWIFT_STANDARD_LIBRARIES = YES;
				CODE_SIGN_STYLE = Automatic;
				DEVELOPMENT_TEAM = NS9BQQQNV5;
				INFOPLIST_FILE = CinemateUITests/Info.plist;
				LD_RUNPATH_SEARCH_PATHS = (
					"$(inherited)",
					"@executable_path/Frameworks",
					"@loader_path/Frameworks",
				);
				PRODUCT_BUNDLE_IDENTIFIER = com.mehed1hasan.CinemateUITests;
				PRODUCT_NAME = "$(TARGET_NAME)";
				SWIFT_VERSION = 5.0;
				TARGETED_DEVICE_FAMILY = "1,2";
				TEST_TARGET_NAME = Cinemate;
			};
			name = Debug;
		};
		73992B1B23E2DC97001C6D83 /* Release */ = {
			isa = XCBuildConfiguration;
			baseConfigurationReference = 64028FB7736A14633C359EA7 /* Pods-Cinemate-CinemateUITests.release.xcconfig */;
			buildSettings = {
				ALWAYS_EMBED_SWIFT_STANDARD_LIBRARIES = YES;
				CODE_SIGN_STYLE = Automatic;
				DEVELOPMENT_TEAM = NS9BQQQNV5;
				INFOPLIST_FILE = CinemateUITests/Info.plist;
				LD_RUNPATH_SEARCH_PATHS = (
					"$(inherited)",
					"@executable_path/Frameworks",
					"@loader_path/Frameworks",
				);
				PRODUCT_BUNDLE_IDENTIFIER = com.mehed1hasan.CinemateUITests;
				PRODUCT_NAME = "$(TARGET_NAME)";
				SWIFT_VERSION = 5.0;
				TARGETED_DEVICE_FAMILY = "1,2";
				TEST_TARGET_NAME = Cinemate;
			};
			name = Release;
		};
/* End XCBuildConfiguration section */

/* Begin XCConfigurationList section */
		73992AE123E2DC93001C6D83 /* Build configuration list for PBXProject "Cinemate" */ = {
			isa = XCConfigurationList;
			buildConfigurations = (
				73992B1123E2DC97001C6D83 /* Debug */,
				73992B1223E2DC97001C6D83 /* Release */,
			);
			defaultConfigurationIsVisible = 0;
			defaultConfigurationName = Release;
		};
		73992B1323E2DC97001C6D83 /* Build configuration list for PBXNativeTarget "Cinemate" */ = {
			isa = XCConfigurationList;
			buildConfigurations = (
				73992B1423E2DC97001C6D83 /* Debug */,
				73992B1523E2DC97001C6D83 /* Release */,
			);
			defaultConfigurationIsVisible = 0;
			defaultConfigurationName = Release;
		};
		73992B1623E2DC97001C6D83 /* Build configuration list for PBXNativeTarget "CinemateTests" */ = {
			isa = XCConfigurationList;
			buildConfigurations = (
				73992B1723E2DC97001C6D83 /* Debug */,
				73992B1823E2DC97001C6D83 /* Release */,
			);
			defaultConfigurationIsVisible = 0;
			defaultConfigurationName = Release;
		};
		73992B1923E2DC97001C6D83 /* Build configuration list for PBXNativeTarget "CinemateUITests" */ = {
			isa = XCConfigurationList;
			buildConfigurations = (
				73992B1A23E2DC97001C6D83 /* Debug */,
				73992B1B23E2DC97001C6D83 /* Release */,
			);
			defaultConfigurationIsVisible = 0;
			defaultConfigurationName = Release;
		};
/* End XCConfigurationList section */

/* Begin XCVersionGroup section */
		73992AF223E2DC93001C6D83 /* Cinemate.xcdatamodeld */ = {
			isa = XCVersionGroup;
			children = (
				73992AF323E2DC93001C6D83 /* Cinemate.xcdatamodel */,
			);
			currentVersion = 73992AF323E2DC93001C6D83 /* Cinemate.xcdatamodel */;
			path = Cinemate.xcdatamodeld;
			sourceTree = "<group>";
			versionGroupType = wrapper.xcdatamodel;
		};
/* End XCVersionGroup section */
	};
	rootObject = 73992ADE23E2DC93001C6D83 /* Project object */;
}
